
Microsoft Visual Studio Solution File, Format Version 12.00
# Visual Studio 14
VisualStudioVersion = 14.0.23107.0
MinimumVisualStudioVersion = 10.0.40219.1
Project("{FAE04EC0-301F-11D3-BF4B-00C04F79EFBC}") = "EZI_TF_IDF", "EZI_TF_IDF\EZI_TF_IDF.csproj", "{843EE183-2BA5-407E-937B-5C9ADBF0029A}"
EndProject
Project("{FAE04EC0-301F-11D3-BF4B-00C04F79EFBC}") = "TFIDF_Test", "TFIDF_Test\TFIDF_Test.csproj", "{2D31C947-021C-4B94-958C-7C98631ECDDE}"
EndProject
Project("{FAE04EC0-301F-11D3-BF4B-00C04F79EFBC}") = "WPFPrototype", "WPFPrototype\WPFPrototype.csproj", "{79C10136-1CDF-40CF-B3E5-DC1341A5031F}"
EndProject
Project("{FAE04EC0-301F-11D3-BF4B-00C04F79EFBC}") = "LSI", "LSI\LSI.csproj", "{1FA76FA3-0E58-4C5B-9102-36E6CE37871A}"
EndProject
Global
	GlobalSection(SolutionConfigurationPlatforms) = preSolution
		Debug|Any CPU = Debug|Any CPU
		Release|Any CPU = Release|Any CPU
	EndGlobalSection
	GlobalSection(ProjectConfigurationPlatforms) = postSolution
		{843EE183-2BA5-407E-937B-5C9ADBF0029A}.Debug|Any CPU.ActiveCfg = Debug|Any CPU
		{843EE183-2BA5-407E-937B-5C9ADBF0029A}.Debug|Any CPU.Build.0 = Debug|Any CPU
		{843EE183-2BA5-407E-937B-5C9ADBF0029A}.Release|Any CPU.ActiveCfg = Release|Any CPU
		{843EE183-2BA5-407E-937B-5C9ADBF0029A}.Release|Any CPU.Build.0 = Release|Any CPU
		{2D31C947-021C-4B94-958C-7C98631ECDDE}.Debug|Any CPU.ActiveCfg = Debug|Any CPU
		{2D31C947-021C-4B94-958C-7C98631ECDDE}.Debug|Any CPU.Build.0 = Debug|Any CPU
		{2D31C947-021C-4B94-958C-7C98631ECDDE}.Release|Any CPU.ActiveCfg = Release|Any CPU
		{2D31C947-021C-4B94-958C-7C98631ECDDE}.Release|Any CPU.Build.0 = Release|Any CPU
		{79C10136-1CDF-40CF-B3E5-DC1341A5031F}.Debug|Any CPU.ActiveCfg = Debug|Any CPU
		{79C10136-1CDF-40CF-B3E5-DC1341A5031F}.Debug|Any CPU.Build.0 = Debug|Any CPU
		{79C10136-1CDF-40CF-B3E5-DC1341A5031F}.Release|Any CPU.ActiveCfg = Release|Any CPU
		{79C10136-1CDF-40CF-B3E5-DC1341A5031F}.Release|Any CPU.Build.0 = Release|Any CPU
		{1FA76FA3-0E58-4C5B-9102-36E6CE37871A}.Debug|Any CPU.ActiveCfg = Debug|Any CPU
		{1FA76FA3-0E58-4C5B-9102-36E6CE37871A}.Debug|Any CPU.Build.0 = Debug|Any CPU
		{1FA76FA3-0E58-4C5B-9102-36E6CE37871A}.Release|Any CPU.ActiveCfg = Release|Any CPU
		{1FA76FA3-0E58-4C5B-9102-36E6CE37871A}.Release|Any CPU.Build.0 = Release|Any CPU
	EndGlobalSection
	GlobalSection(SolutionProperties) = preSolution
		HideSolutionNode = FALSE
	EndGlobalSection
EndGlobal
